{
  "object": {
    "pins": [
      {
        "package": "RxSwift",
        "repositoryURL": "https://github.com/ReactiveX/RxSwift.git",
        "state": {
          "branch": null,
          "revision": "fc6030ea9fe9b8af0351fe195b4095a9f2339757",
          "version": "4.4.2"
        }
      }
    ]
  },
  "version": 1
}
